
Microsoft Visual Studio Solution File, Format Version 12.00
# Visual Studio Version 16
VisualStudioVersion = 16.0.31613.86
MinimumVisualStudioVersion = 10.0.40219.1
Project("{9A19103F-16F7-4668-BE54-9A1E7A4F7556}") = "DynamoDbDataStructures", "DynamoDbDataStructures\DynamoDbDataStructures.csproj", "{675A694F-F23D-4738-96F7-4833C43A7C28}"
EndProject
Project("{9A19103F-16F7-4668-BE54-9A1E7A4F7556}") = "SimpleTable", "SimpleTable\SimpleTable.csproj", "{A9C5FEBA-FAD7-4984-AFA2-2AF69B379ADE}"
EndProject
Project("{FAE04EC0-301F-11D3-BF4B-00C04F79EFBC}") = "TableWithSortKey", "TableWithSortKey\TableWithSortKey.csproj", "{1250E089-7F73-4725-A373-E3F03FB24D9F}"
EndProject
Global
	GlobalSection(SolutionConfigurationPlatforms) = preSolution
		Debug|Any CPU = Debug|Any CPU
		Release|Any CPU = Release|Any CPU
	EndGlobalSection
	GlobalSection(ProjectConfigurationPlatforms) = postSolution
		{675A694F-F23D-4738-96F7-4833C43A7C28}.Debug|Any CPU.ActiveCfg = Debug|Any CPU
		{675A694F-F23D-4738-96F7-4833C43A7C28}.Debug|Any CPU.Build.0 = Debug|Any CPU
		{675A694F-F23D-4738-96F7-4833C43A7C28}.Release|Any CPU.ActiveCfg = Release|Any CPU
		{675A694F-F23D-4738-96F7-4833C43A7C28}.Release|Any CPU.Build.0 = Release|Any CPU
		{A9C5FEBA-FAD7-4984-AFA2-2AF69B379ADE}.Debug|Any CPU.ActiveCfg = Debug|Any CPU
		{A9C5FEBA-FAD7-4984-AFA2-2AF69B379ADE}.Debug|Any CPU.Build.0 = Debug|Any CPU
		{A9C5FEBA-FAD7-4984-AFA2-2AF69B379ADE}.Release|Any CPU.ActiveCfg = Release|Any CPU
		{A9C5FEBA-FAD7-4984-AFA2-2AF69B379ADE}.Release|Any CPU.Build.0 = Release|Any CPU
		{1250E089-7F73-4725-A373-E3F03FB24D9F}.Debug|Any CPU.ActiveCfg = Debug|Any CPU
		{1250E089-7F73-4725-A373-E3F03FB24D9F}.Debug|Any CPU.Build.0 = Debug|Any CPU
		{1250E089-7F73-4725-A373-E3F03FB24D9F}.Release|Any CPU.ActiveCfg = Release|Any CPU
		{1250E089-7F73-4725-A373-E3F03FB24D9F}.Release|Any CPU.Build.0 = Release|Any CPU
	EndGlobalSection
	GlobalSection(SolutionProperties) = preSolution
		HideSolutionNode = FALSE
	EndGlobalSection
	GlobalSection(ExtensibilityGlobals) = postSolution
		SolutionGuid = {1C55CB59-62EE-4143-863D-F89C573AE668}
	EndGlobalSection
EndGlobal
